{
  "name": "js-crypto-local-storer",
  "version": "1.1.3",
  "lockfileVersion": 2,
  "requires": true,
  "packages": {
    "": {
      "name": "js-crypto-local-storer",
      "version": "1.1.3",
      "license": "Apache-2.0",
      "dependencies": {
        "idb": "^7.0.0"
      }
    },
    "node_modules/idb": {
      "version": "7.0.0",
      "resolved": "https://registry.npmjs.org/idb/-/idb-7.0.0.tgz",
      "integrity": "sha512-jSx0WOY9Nj+QzP6wX5e7g64jqh8ExtDs/IAuOrOEZCD/h6+0HqyrKsDMfdJc0hqhSvh0LsrwqrkDn+EtjjzSRA=="
    }
  },
  "dependencies": {
    "idb": {
      "version": "7.0.0",
      "resolved": "https://registry.npmjs.org/idb/-/idb-7.0.0.tgz",
      "integrity": "sha512-jSx0WOY9Nj+QzP6wX5e7g64jqh8ExtDs/IAuOrOEZCD/h6+0HqyrKsDMfdJc0hqhSvh0LsrwqrkDn+EtjjzSRA=="
    }
  }
}
